{"1.2.0",
[{<<"cowboy">>,
  {git,"https://github.com/ninenines/cowboy.git",
       {ref,"495e74ada88d0876d7e438d53f11af767a9cdcc4"}},
  0},
 {<<"cowlib">>,
  {git,"https://github.com/ninenines/cowlib",
       {ref,"aca0ad953417b29bab2c41eeb4c37c98606c848b"}},
  1},
 {<<"goldrush">>,{pkg,<<"goldrush">>,<<"0.1.9">>},1},
 {<<"gproc">>,
  {git,"https://github.com/uwiger/gproc.git",
       {ref,"5485a1ae84ddcdab46cdeca94f675ac00e38287f"}},
  0},
 {<<"jsx">>,{pkg,<<"jsx">>,<<"2.11.0">>},0},
 {<<"lager">>,
  {git,"https://github.com/erlang-lager/lager.git",
       {ref,"c5447d2d85a0d446d41a79bffe0a6a66bd50c901"}},
  0},
 {<<"ranch">>,
  {git,"https://github.com/ninenines/ranch",
       {ref,"10b51304b26062e0dbfd5e74824324e9a911e269"}},
  1}]}.
[
{pkg_hash,[
 {<<"goldrush">>, <<"F06E5D5F1277DA5C413E84D5A2924174182FB108DABB39D5EC548B27424CD106">>},
 {<<"jsx">>, <<"08154624050333919B4AC1B789667D5F4DB166DC50E190C4D778D1587F102EE0">>}]},
{pkg_hash_ext,[
 {<<"goldrush">>, <<"99CB4128CFFCB3227581E5D4D803D5413FA643F4EB96523F77D9E6937D994CEB">>},
 {<<"jsx">>, <<"EED26A0D04D217F9EECEFFFB89714452556CF90EB38F290A27A4D45B9988F8C0">>}]}
].
